
Microsoft Visual Studio Solution File, Format Version 12.00
# Visual Studio Version 17
VisualStudioVersion = 17.7.34031.279
MinimumVisualStudioVersion = 10.0.40219.1
Project("{FAE04EC0-301F-11D3-BF4B-00C04F79EFBC}") = "Lista_Contatos", "Lista_Contatos.csproj", "{3B840FAB-48B4-4690-A17E-CD6C0B712807}"
EndProject
Global
	GlobalSection(SolutionConfigurationPlatforms) = preSolution
		Debug|Any CPU = Debug|Any CPU
		Release|Any CPU = Release|Any CPU
	EndGlobalSection
	GlobalSection(ProjectConfigurationPlatforms) = postSolution
		{3B840FAB-48B4-4690-A17E-CD6C0B712807}.Debug|Any CPU.ActiveCfg = Debug|Any CPU
		{3B840FAB-48B4-4690-A17E-CD6C0B712807}.Debug|Any CPU.Build.0 = Debug|Any CPU
		{3B840FAB-48B4-4690-A17E-CD6C0B712807}.Release|Any CPU.ActiveCfg = Release|Any CPU
		{3B840FAB-48B4-4690-A17E-CD6C0B712807}.Release|Any CPU.Build.0 = Release|Any CPU
	EndGlobalSection
	GlobalSection(SolutionProperties) = preSolution
		HideSolutionNode = FALSE
	EndGlobalSection
	GlobalSection(ExtensibilityGlobals) = postSolution
		SolutionGuid = {20BF55E9-44C2-445D-8E63-EFB08D4BCB20}
	EndGlobalSection
EndGlobal
